// !$*UTF8*$!
{
	archiveVersion = 1;
	classes = {
	};
	objectVersion = 46;
	objects = {

/* Begin PBXBuildFile section */
		14EB19781DCDC9D4005F3A8E /* AppDelegate.swift in Sources */ = {isa = PBXBuildFile; fileRef = 14EB19771DCDC9D4005F3A8E /* AppDelegate.swift */; };
		14EB197A1DCDC9D4005F3A8E /* ViewController.swift in Sources */ = {isa = PBXBuildFile; fileRef = 14EB19791DCDC9D4005F3A8E /* ViewController.swift */; };
		14EB197D1DCDC9D4005F3A8E /* Main.storyboard in Resources */ = {isa = PBXBuildFile; fileRef = 14EB197B1DCDC9D4005F3A8E /* Main.storyboard */; };
		14EB197F1DCDC9D4005F3A8E /* Assets.xcassets in Resources */ = {isa = PBXBuildFile; fileRef = 14EB197E1DCDC9D4005F3A8E /* Assets.xcassets */; };
		14EB19821DCDC9D4005F3A8E /* LaunchScreen.storyboard in Resources */ = {isa = PBXBuildFile; fileRef = 14EB19801DCDC9D4005F3A8E /* LaunchScreen.storyboard */; };
		14EB19901DCDFBD7005F3A8E /* BeaconManager.swift in Sources */ = {isa = PBXBuildFile; fileRef = 14EB198F1DCDFBD7005F3A8E /* BeaconManager.swift */; };
		14EB19931DCE4249005F3A8E /* NetworkManager.swift in Sources */ = {isa = PBXBuildFile; fileRef = 14EB19921DCE4249005F3A8E /* NetworkManager.swift */; };
		7A0B0D3E1DCE6E81001391C6 /* header-start-new.png in Resources */ = {isa = PBXBuildFile; fileRef = 7A0B0D3D1DCE6E81001391C6 /* header-start-new.png */; };
		7A2943571DCE832700AB1D08 /* welcome-depeature-info.png in Resources */ = {isa = PBXBuildFile; fileRef = 7A2943541DCE832700AB1D08 /* welcome-depeature-info.png */; };
		7A2943581DCE832700AB1D08 /* welcome-services.png in Resources */ = {isa = PBXBuildFile; fileRef = 7A2943551DCE832700AB1D08 /* welcome-services.png */; };
		7A2943591DCE832700AB1D08 /* welcome-todo.png in Resources */ = {isa = PBXBuildFile; fileRef = 7A2943561DCE832700AB1D08 /* welcome-todo.png */; };
/* End PBXBuildFile section */

/* Begin PBXFileReference section */
		14EB19741DCDC9D4005F3A8E /* OneRail.app */ = {isa = PBXFileReference; explicitFileType = wrapper.application; includeInIndex = 0; path = OneRail.app; sourceTree = BUILT_PRODUCTS_DIR; };
		14EB19771DCDC9D4005F3A8E /* AppDelegate.swift */ = {isa = PBXFileReference; lastKnownFileType = sourcecode.swift; path = AppDelegate.swift; sourceTree = "<group>"; };
		14EB19791DCDC9D4005F3A8E /* ViewController.swift */ = {isa = PBXFileReference; lastKnownFileType = sourcecode.swift; path = ViewController.swift; sourceTree = "<group>"; };
		14EB197C1DCDC9D4005F3A8E /* Base */ = {isa = PBXFileReference; lastKnownFileType = file.storyboard; name = Base; path = Base.lproj/Main.storyboard; sourceTree = "<group>"; };
		14EB197E1DCDC9D4005F3A8E /* Assets.xcassets */ = {isa = PBXFileReference; lastKnownFileType = folder.assetcatalog; path = Assets.xcassets; sourceTree = "<group>"; };
		14EB19811DCDC9D4005F3A8E /* Base */ = {isa = PBXFileReference; lastKnownFileType = file.storyboard; name = Base; path = Base.lproj/LaunchScreen.storyboard; sourceTree = "<group>"; };
		14EB19831DCDC9D4005F3A8E /* Info.plist */ = {isa = PBXFileReference; lastKnownFileType = text.plist.xml; path = Info.plist; sourceTree = "<group>"; };
		14EB198F1DCDFBD7005F3A8E /* BeaconManager.swift */ = {isa = PBXFileReference; fileEncoding = 4; lastKnownFileType = sourcecode.swift; path = BeaconManager.swift; sourceTree = "<group>"; };
		14EB19921DCE4249005F3A8E /* NetworkManager.swift */ = {isa = PBXFileReference; fileEncoding = 4; lastKnownFileType = sourcecode.swift; path = NetworkManager.swift; sourceTree = "<group>"; };
		7A0B0D3D1DCE6E81001391C6 /* header-start-new.png */ = {isa = PBXFileReference; lastKnownFileType = image.png; name = "header-start-new.png"; path = "../../../assets/header-start-new.png"; sourceTree = "<group>"; };
		7A2943541DCE832700AB1D08 /* welcome-depeature-info.png */ = {isa = PBXFileReference; lastKnownFileType = image.png; name = "welcome-depeature-info.png"; path = "../../../assets/welcome-depeature-info.png"; sourceTree = "<group>"; };
		7A2943551DCE832700AB1D08 /* welcome-services.png */ = {isa = PBXFileReference; lastKnownFileType = image.png; name = "welcome-services.png"; path = "../../../assets/welcome-services.png"; sourceTree = "<group>"; };
		7A2943561DCE832700AB1D08 /* welcome-todo.png */ = {isa = PBXFileReference; lastKnownFileType = image.png; name = "welcome-todo.png"; path = "../../../assets/welcome-todo.png"; sourceTree = "<group>"; };
/* End PBXFileReference section */

/* Begin PBXFrameworksBuildPhase section */
		14EB19711DCDC9D4005F3A8E /* Frameworks */ = {
			isa = PBXFrameworksBuildPhase;
			buildActionMask = 2147483647;
			files = (
			);
			runOnlyForDeploymentPostprocessing = 0;
		};
/* End PBXFrameworksBuildPhase section */

/* Begin PBXGroup section */
		14EB196B1DCDC9D4005F3A8E = {
			isa = PBXGroup;
			children = (
				14EB19761DCDC9D4005F3A8E /* OneRail */,
				14EB19751DCDC9D4005F3A8E /* Products */,
			);
			sourceTree = "<group>";
		};
		14EB19751DCDC9D4005F3A8E /* Products */ = {
			isa = PBXGroup;
			children = (
				14EB19741DCDC9D4005F3A8E /* OneRail.app */,
			);
			name = Products;
			sourceTree = "<group>";
		};
		14EB19761DCDC9D4005F3A8E /* OneRail */ = {
			isa = PBXGroup;
			children = (
				14EB19771DCDC9D4005F3A8E /* AppDelegate.swift */,
				14EB19891DCDCCD9005F3A8E /* View */,
				14EB198A1DCDCCE3005F3A8E /* Model */,
				14EB198B1DCDCCEA005F3A8E /* Controller */,
				14EB198C1DCDCCFA005F3A8E /* Resources */,
			);
			path = OneRail;
			sourceTree = "<group>";
		};
		14EB19891DCDCCD9005F3A8E /* View */ = {
			isa = PBXGroup;
			children = (
			);
			name = View;
			sourceTree = "<group>";
		};
		14EB198A1DCDCCE3005F3A8E /* Model */ = {
			isa = PBXGroup;
			children = (
				14EB198F1DCDFBD7005F3A8E /* BeaconManager.swift */,
				14EB19921DCE4249005F3A8E /* NetworkManager.swift */,
			);
			name = Model;
			sourceTree = "<group>";
		};
		14EB198B1DCDCCEA005F3A8E /* Controller */ = {
			isa = PBXGroup;
			children = (
				14EB19791DCDC9D4005F3A8E /* ViewController.swift */,
			);
			name = Controller;
			sourceTree = "<group>";
		};
		14EB198C1DCDCCFA005F3A8E /* Resources */ = {
			isa = PBXGroup;
			children = (
				14EB197B1DCDC9D4005F3A8E /* Main.storyboard */,
				7A2943541DCE832700AB1D08 /* welcome-depeature-info.png */,
				7A2943551DCE832700AB1D08 /* welcome-services.png */,
				7A2943561DCE832700AB1D08 /* welcome-todo.png */,
				7A0B0D3D1DCE6E81001391C6 /* header-start-new.png */,
				14EB197E1DCDC9D4005F3A8E /* Assets.xcassets */,
				14EB19801DCDC9D4005F3A8E /* LaunchScreen.storyboard */,
				14EB19831DCDC9D4005F3A8E /* Info.plist */,
			);
			name = Resources;
			sourceTree = "<group>";
		};
/* End PBXGroup section */

/* Begin PBXNativeTarget section */
		14EB19731DCDC9D4005F3A8E /* OneRail */ = {
			isa = PBXNativeTarget;
			buildConfigurationList = 14EB19861DCDC9D4005F3A8E /* Build configuration list for PBXNativeTarget "OneRail" */;
			buildPhases = (
				14EB19701DCDC9D4005F3A8E /* Sources */,
				14EB19711DCDC9D4005F3A8E /* Frameworks */,
				14EB19721DCDC9D4005F3A8E /* Resources */,
			);
			buildRules = (
			);
			dependencies = (
			);
			name = OneRail;
			productName = OneRail;
			productReference = 14EB19741DCDC9D4005F3A8E /* OneRail.app */;
			productType = "com.apple.product-type.application";
		};
/* End PBXNativeTarget section */

/* Begin PBXProject section */
		14EB196C1DCDC9D4005F3A8E /* Project object */ = {
			isa = PBXProject;
			attributes = {
				LastSwiftUpdateCheck = 0810;
				LastUpgradeCheck = 0810;
				ORGANIZATIONNAME = HackTrain;
				TargetAttributes = {
					14EB19731DCDC9D4005F3A8E = {
						CreatedOnToolsVersion = 8.1;
						DevelopmentTeam = 7G2D7B93CT;
						ProvisioningStyle = Automatic;
						SystemCapabilities = {
							com.apple.BackgroundModes = {
								enabled = 1;
							};
						};
					};
				};
			};
			buildConfigurationList = 14EB196F1DCDC9D4005F3A8E /* Build configuration list for PBXProject "OneRail" */;
			compatibilityVersion = "Xcode 3.2";
			developmentRegion = English;
			hasScannedForEncodings = 0;
			knownRegions = (
				en,
				Base,
			);
			mainGroup = 14EB196B1DCDC9D4005F3A8E;
			productRefGroup = 14EB19751DCDC9D4005F3A8E /* Products */;
			projectDirPath = "";
			projectRoot = "";
			targets = (
				14EB19731DCDC9D4005F3A8E /* OneRail */,
			);
		};
/* End PBXProject section */

/* Begin PBXResourcesBuildPhase section */
		14EB19721DCDC9D4005F3A8E /* Resources */ = {
			isa = PBXResourcesBuildPhase;
			buildActionMask = 2147483647;
			files = (
				14EB19821DCDC9D4005F3A8E /* LaunchScreen.storyboard in Resources */,
				14EB197F1DCDC9D4005F3A8E /* Assets.xcassets in Resources */,
				7A0B0D3E1DCE6E81001391C6 /* header-start-new.png in Resources */,
				7A2943571DCE832700AB1D08 /* welcome-depeature-info.png in Resources */,
				7A2943581DCE832700AB1D08 /* welcome-services.png in Resources */,
				14EB197D1DCDC9D4005F3A8E /* Main.storyboard in Resources */,
				7A2943591DCE832700AB1D08 /* welcome-todo.png in Resources */,
			);
			runOnlyForDeploymentPostprocessing = 0;
		};
/* End PBXResourcesBuildPhase section */

/* Begin PBXSourcesBuildPhase section */
		14EB19701DCDC9D4005F3A8E /* Sources */ = {
			isa = PBXSourcesBuildPhase;
			buildActionMask = 2147483647;
			files = (
				14EB19931DCE4249005F3A8E /* NetworkManager.swift in Sources */,
				14EB197A1DCDC9D4005F3A8E /* ViewController.swift in Sources */,
				14EB19901DCDFBD7005F3A8E /* BeaconManager.swift in Sources */,
				14EB19781DCDC9D4005F3A8E /* AppDelegate.swift in Sources */,
			);
			runOnlyForDeploymentPostprocessing = 0;
		};
/* End PBXSourcesBuildPhase section */

/* Begin PBXVariantGroup section */
		14EB197B1DCDC9D4005F3A8E /* Main.storyboard */ = {
			isa = PBXVariantGroup;
			children = (
				14EB197C1DCDC9D4005F3A8E /* Base */,
			);
			name = Main.storyboard;
			sourceTree = "<group>";
		};
		14EB19801DCDC9D4005F3A8E /* LaunchScreen.storyboard */ = {
			isa = PBXVariantGroup;
			children = (
				14EB19811DCDC9D4005F3A8E /* Base */,
			);
			name = LaunchScreen.storyboard;
			sourceTree = "<group>";
		};
/* End PBXVariantGroup section */

/* Begin XCBuildConfiguration section */
		14EB19841DCDC9D4005F3A8E /* Debug */ = {
			isa = XCBuildConfiguration;
			buildSettings = {
				ALWAYS_SEARCH_USER_PATHS = NO;
				CLANG_ANALYZER_NONNULL = YES;
				CLANG_CXX_LANGUAGE_STANDARD = "gnu++0x";
				CLANG_CXX_LIBRARY = "libc++";
				CLANG_ENABLE_MODULES = YES;
				CLANG_ENABLE_OBJC_ARC = YES;
				CLANG_WARN_BOOL_CONVERSION = YES;
				CLANG_WARN_CONSTANT_CONVERSION = YES;
				CLANG_WARN_DIRECT_OBJC_ISA_USAGE = YES_ERROR;
				CLANG_WARN_DOCUMENTATION_COMMENTS = YES;
				CLANG_WARN_EMPTY_BODY = YES;
				CLANG_WARN_ENUM_CONVERSION = YES;
				CLANG_WARN_INFINITE_RECURSION = YES;
				CLANG_WARN_INT_CONVERSION = YES;
				CLANG_WARN_OBJC_ROOT_CLASS = YES_ERROR;
				CLANG_WARN_SUSPICIOUS_MOVES = YES;
				CLANG_WARN_UNREACHABLE_CODE = YES;
				CLANG_WARN__DUPLICATE_METHOD_MATCH = YES;
				"CODE_SIGN_IDENTITY[sdk=iphoneos*]" = "iPhone Developer";
				COPY_PHASE_STRIP = NO;
				DEBUG_INFORMATION_FORMAT = dwarf;
				ENABLE_STRICT_OBJC_MSGSEND = YES;
				ENABLE_TESTABILITY = YES;
				GCC_C_LANGUAGE_STANDARD = gnu99;
				GCC_DYNAMIC_NO_PIC = NO;
				GCC_NO_COMMON_BLOCKS = YES;
				GCC_OPTIMIZATION_LEVEL = 0;
				GCC_PREPROCESSOR_DEFINITIONS = (
					"DEBUG=1",
					"$(inherited)",
				);
				GCC_WARN_64_TO_32_BIT_CONVERSION = YES;
				GCC_WARN_ABOUT_RETURN_TYPE = YES_ERROR;
				GCC_WARN_UNDECLARED_SELECTOR = YES;
				GCC_WARN_UNINITIALIZED_AUTOS = YES_AGGRESSIVE;
				GCC_WARN_UNUSED_FUNCTION = YES;
				GCC_WARN_UNUSED_VARIABLE = YES;
				IPHONEOS_DEPLOYMENT_TARGET = 10.1;
				MTL_ENABLE_DEBUG_INFO = YES;
				ONLY_ACTIVE_ARCH = YES;
				SDKROOT = iphoneos;
				SWIFT_ACTIVE_COMPILATION_CONDITIONS = DEBUG;
				SWIFT_OPTIMIZATION_LEVEL = "-Onone";
				TARGETED_DEVICE_FAMILY = "1,2";
			};
			name = Debug;
		};
		14EB19851DCDC9D4005F3A8E /* Release */ = {
			isa = XCBuildConfiguration;
			buildSettings = {
				ALWAYS_SEARCH_USER_PATHS = NO;
				CLANG_ANALYZER_NONNULL = YES;
				CLANG_CXX_LANGUAGE_STANDARD = "gnu++0x";
				CLANG_CXX_LIBRARY = "libc++";
				CLANG_ENABLE_MODULES = YES;
				CLANG_ENABLE_OBJC_ARC = YES;
				CLANG_WARN_BOOL_CONVERSION = YES;
				CLANG_WARN_CONSTANT_CONVERSION = YES;
				CLANG_WARN_DIRECT_OBJC_ISA_USAGE = YES_ERROR;
				CLANG_WARN_DOCUMENTATION_COMMENTS = YES;
				CLANG_WARN_EMPTY_BODY = YES;
				CLANG_WARN_ENUM_CONVERSION = YES;
				CLANG_WARN_INFINITE_RECURSION = YES;
				CLANG_WARN_INT_CONVERSION = YES;
				CLANG_WARN_OBJC_ROOT_CLASS = YES_ERROR;
				CLANG_WARN_SUSPICIOUS_MOVES = YES;
				CLANG_WARN_UNREACHABLE_CODE = YES;
				CLANG_WARN__DUPLICATE_METHOD_MATCH = YES;
				"CODE_SIGN_IDENTITY[sdk=iphoneos*]" = "iPhone Developer";
				COPY_PHASE_STRIP = NO;
				DEBUG_INFORMATION_FORMAT = "dwarf-with-dsym";
				ENABLE_NS_ASSERTIONS = NO;
				ENABLE_STRICT_OBJC_MSGSEND = YES;
				GCC_C_LANGUAGE_STANDARD = gnu99;
				GCC_NO_COMMON_BLOCKS = YES;
				GCC_WARN_64_TO_32_BIT_CONVERSION = YES;
				GCC_WARN_ABOUT_RETURN_TYPE = YES_ERROR;
				GCC_WARN_UNDECLARED_SELECTOR = YES;
				GCC_WARN_UNINITIALIZED_AUTOS = YES_AGGRESSIVE;
				GCC_WARN_UNUSED_FUNCTION = YES;
				GCC_WARN_UNUSED_VARIABLE = YES;
				IPHONEOS_DEPLOYMENT_TARGET = 10.1;
				MTL_ENABLE_DEBUG_INFO = NO;
				SDKROOT = iphoneos;
				SWIFT_OPTIMIZATION_LEVEL = "-Owholemodule";
				TARGETED_DEVICE_FAMILY = "1,2";
				VALIDATE_PRODUCT = YES;
			};
			name = Release;
		};
		14EB19871DCDC9D4005F3A8E /* Debug */ = {
			isa = XCBuildConfiguration;
			buildSettings = {
				ASSETCATALOG_COMPILER_APPICON_NAME = AppIcon;
				DEVELOPMENT_TEAM = 7G2D7B93CT;
				INFOPLIST_FILE = OneRail/Info.plist;
				LD_RUNPATH_SEARCH_PATHS = "$(inherited) @executable_path/Frameworks";
				PRODUCT_BUNDLE_IDENTIFIER = uk.hacktrain.OneRail;
				PRODUCT_NAME = "$(TARGET_NAME)";
				SWIFT_VERSION = 3.0;
			};
			name = Debug;
		};
		14EB19881DCDC9D4005F3A8E /* Release */ = {
			isa = XCBuildConfiguration;
			buildSettings = {
				ASSETCATALOG_COMPILER_APPICON_NAME = AppIcon;
				DEVELOPMENT_TEAM = 7G2D7B93CT;
				INFOPLIST_FILE = OneRail/Info.plist;
				LD_RUNPATH_SEARCH_PATHS = "$(inherited) @executable_path/Frameworks";
				PRODUCT_BUNDLE_IDENTIFIER = uk.hacktrain.OneRail;
				PRODUCT_NAME = "$(TARGET_NAME)";
				SWIFT_VERSION = 3.0;
			};
			name = Release;
		};
/* End XCBuildConfiguration section */

/* Begin XCConfigurationList section */
		14EB196F1DCDC9D4005F3A8E /* Build configuration list for PBXProject "OneRail" */ = {
			isa = XCConfigurationList;
			buildConfigurations = (
				14EB19841DCDC9D4005F3A8E /* Debug */,
				14EB19851DCDC9D4005F3A8E /* Release */,
			);
			defaultConfigurationIsVisible = 0;
			defaultConfigurationName = Release;
		};
		14EB19861DCDC9D4005F3A8E /* Build configuration list for PBXNativeTarget "OneRail" */ = {
			isa = XCConfigurationList;
			buildConfigurations = (
				14EB19871DCDC9D4005F3A8E /* Debug */,
				14EB19881DCDC9D4005F3A8E /* Release */,
			);
			defaultConfigurationIsVisible = 0;
			defaultConfigurationName = Release;
		};
/* End XCConfigurationList section */
	};
	rootObject = 14EB196C1DCDC9D4005F3A8E /* Project object */;
}
